
Microsoft Visual Studio Solution File, Format Version 12.00
# Visual Studio Version 17
VisualStudioVersion = 17.4.33213.308
MinimumVisualStudioVersion = 10.0.40219.1
Project("{FAE04EC0-301F-11D3-BF4B-00C04F79EFBC}") = "SnakeLadderSimulation", "SnakeLadderSimulation\SnakeLadderSimulation.csproj", "{97B29BA3-05D8-4601-9A6A-5765A838F674}"
EndProject
Global
	GlobalSection(SolutionConfigurationPlatforms) = preSolution
		Debug|Any CPU = Debug|Any CPU
		Release|Any CPU = Release|Any CPU
	EndGlobalSection
	GlobalSection(ProjectConfigurationPlatforms) = postSolution
		{97B29BA3-05D8-4601-9A6A-5765A838F674}.Debug|Any CPU.ActiveCfg = Debug|Any CPU
		{97B29BA3-05D8-4601-9A6A-5765A838F674}.Debug|Any CPU.Build.0 = Debug|Any CPU
		{97B29BA3-05D8-4601-9A6A-5765A838F674}.Release|Any CPU.ActiveCfg = Release|Any CPU
		{97B29BA3-05D8-4601-9A6A-5765A838F674}.Release|Any CPU.Build.0 = Release|Any CPU
	EndGlobalSection
	GlobalSection(SolutionProperties) = preSolution
		HideSolutionNode = FALSE
	EndGlobalSection
	GlobalSection(ExtensibilityGlobals) = postSolution
		SolutionGuid = {C99AB25C-B7C0-470F-89B1-C4304DDA45DE}
	EndGlobalSection
EndGlobal
